
Microsoft Visual Studio Solution File, Format Version 12.00
# Visual Studio Version 17
VisualStudioVersion = 17.1.32421.90
MinimumVisualStudioVersion = 10.0.40219.1
Project("{FAE04EC0-301F-11D3-BF4B-00C04F79EFBC}") = "Hatvany", "Hatvany\Hatvany.csproj", "{7D0BC4CC-FCA9-465D-A048-33C11ED66ECD}"
EndProject
Project("{FAE04EC0-301F-11D3-BF4B-00C04F79EFBC}") = "HatvanyTeszt", "HatvanyTeszt\HatvanyTeszt.csproj", "{9D90D219-73C5-49D3-9AD4-3ADCDF916225}"
EndProject
Global
	GlobalSection(SolutionConfigurationPlatforms) = preSolution
		Debug|Any CPU = Debug|Any CPU
		Release|Any CPU = Release|Any CPU
	EndGlobalSection
	GlobalSection(ProjectConfigurationPlatforms) = postSolution
		{7D0BC4CC-FCA9-465D-A048-33C11ED66ECD}.Debug|Any CPU.ActiveCfg = Debug|Any CPU
		{7D0BC4CC-FCA9-465D-A048-33C11ED66ECD}.Debug|Any CPU.Build.0 = Debug|Any CPU
		{7D0BC4CC-FCA9-465D-A048-33C11ED66ECD}.Release|Any CPU.ActiveCfg = Release|Any CPU
		{7D0BC4CC-FCA9-465D-A048-33C11ED66ECD}.Release|Any CPU.Build.0 = Release|Any CPU
		{9D90D219-73C5-49D3-9AD4-3ADCDF916225}.Debug|Any CPU.ActiveCfg = Debug|Any CPU
		{9D90D219-73C5-49D3-9AD4-3ADCDF916225}.Debug|Any CPU.Build.0 = Debug|Any CPU
		{9D90D219-73C5-49D3-9AD4-3ADCDF916225}.Release|Any CPU.ActiveCfg = Release|Any CPU
		{9D90D219-73C5-49D3-9AD4-3ADCDF916225}.Release|Any CPU.Build.0 = Release|Any CPU
	EndGlobalSection
	GlobalSection(SolutionProperties) = preSolution
		HideSolutionNode = FALSE
	EndGlobalSection
	GlobalSection(ExtensibilityGlobals) = postSolution
		SolutionGuid = {BA7AD10C-C80D-4A54-9A03-66ADC395D442}
	EndGlobalSection
EndGlobal
